// !$*UTF8*$!
{
	archiveVersion = 1;
	classes = {
	};
	objectVersion = 56;
	objects = {
/* Begin PBXBuildFile section */
				051DA2012EDD4BFD8682B3F9 /* ApexKitBLE in Frameworks */ = {isa = PBXBuildFile; fileRef = 832F6EFC89384A4FB1D45F8B; };
				0C95A7D86B864D38A46246BB /* ApexKitBLEPlugin in Frameworks */ = {isa = PBXBuildFile; fileRef = 632EE1EDB74143ABB6ECCF28; };
		/* End PBXBuildFile section */
		/* Begin PBXFileReference section */
				832F6EFC89384A4FB1D45F8B /* ApexKitBLE.framework */ = {isa = PBXFileReference; explicitFileType = wrapper.framework; includeInIndex = 0; path = ApexKitBLE.framework; sourceTree = BUILT_PRODUCTS_DIR; };
				632EE1EDB74143ABB6ECCF28 /* ApexKitBLEPlugin.framework */ = {isa = PBXFileReference; explicitFileType = wrapper.framework; includeInIndex = 0; path = ApexKitBLEPlugin.framework; sourceTree = BUILT_PRODUCTS_DIR; };
		/* End PBXFileReference section */
		/* Begin PBXFrameworksBuildPhase section */
				AFF3A40B529B48B7964C2B5D = {isa = PBXFrameworksBuildPhase; buildActionMask = 2147483647; files = ( 051DA2012EDD4BFD8682B3F9 /* ApexKitBLE in Frameworks */, ); runOnlyForDeploymentPostprocessing = 0; };
				183A94D5D7A04BE19AA94D39 = {isa = PBXFrameworksBuildPhase; buildActionMask = 2147483647; files = ( ); runOnlyForDeploymentPostprocessing = 0; };
				9CCFDB3CAB664297A0454E31 = {isa = PBXSourcesBuildPhase; buildActionMask = 2147483647; files = ( ); runOnlyForDeploymentPostprocessing = 0; };
				10AAB728539944ED81E1253F = {isa = PBXResourcesBuildPhase; buildActionMask = 2147483647; files = ( ); runOnlyForDeploymentPostprocessing = 0; };
				C4C8D1936B8C43C48DD05855 = {isa = PBXSourcesBuildPhase; buildActionMask = 2147483647; files = ( ); runOnlyForDeploymentPostprocessing = 0; };
				830F558B5CB5443E9A91E2D0 = {isa = PBXResourcesBuildPhase; buildActionMask = 2147483647; files = ( ); runOnlyForDeploymentPostprocessing = 0; };
		/* End PBXFrameworksBuildPhase section */
		/* Begin PBXGroup section */
				ABC7FA14DCA1422893A5ECBD = {isa = PBXGroup; children = ( BFE1A2FDC8AE4C87817141BF /* ApexKitBLE */, 97E6343414504EC19C13B1F0 /* ApexKitBLEPlugin */, ); indentWidth = 4; sourceTree = "<group>"; tabWidth = 4; usesTabs = 0; };
				BFE1A2FDC8AE4C87817141BF = {isa = PBXGroup; children = ( 832F6EFC89384A4FB1D45F8B /* ApexKitBLE.framework */, ); indentWidth = 4; sourceTree = "<group>"; tabWidth = 4; usesTabs = 0; };
				97E6343414504EC19C13B1F0 = {isa = PBXGroup; children = ( 632EE1EDB74143ABB6ECCF28 /* ApexKitBLEPlugin.framework */, ); indentWidth = 4; sourceTree = "<group>"; tabWidth = 4; usesTabs = 0; };
		/* End PBXGroup section */
		/* Begin PBXNativeTarget section */
				346C072C2A3D4B7784DBFDEA = {isa = PBXNativeTarget; buildConfigurationList = 110429D281B9462C8E083B8B; buildPhases = ( 9CCFDB3CAB664297A0454E31 /* Sources */, 10AAB728539944ED81E1253F /* Resources */, AFF3A40B529B48B7964C2B5D /* Frameworks */, ); buildRules = ( ); dependencies = ( {isa = PBXTargetDependency; target = 93223B4F73F14DEDA67C381F; } ); name = ApexKitBLE; productName = ApexKitBLE; productReference = 832F6EFC89384A4FB1D45F8B; productType = "com.apple.product-type.framework"; };
				93223B4F73F14DEDA67C381F = {isa = PBXNativeTarget; buildConfigurationList = 2A1D9BA4819F453DA57F0F3D; buildPhases = ( C4C8D1936B8C43C48DD05855 /* Sources */, 830F558B5CB5443E9A91E2D0 /* Resources */, 183A94D5D7A04BE19AA94D39 /* Frameworks */, ); buildRules = ( ); dependencies = ( {isa = PBXTargetDependency; target = 346C072C2A3D4B7784DBFDEA; } ); name = ApexKitBLEPlugin; productName = ApexKitBLEPlugin; productReference = 632EE1EDB74143ABB6ECCF28; productType = "com.apple.product-type.framework"; };
		/* End PBXNativeTarget section */
		/* Begin PBXProject section */
				67F39ED6F9604062802138A0 = {isa = PBXProject; attributes = { BuildIndependentTargetsInParallel = 1; LastSwiftUpdateCheck = 1500; LastUpgradeCheck = 1500; }; buildConfigurationList = 2DF11F3AF3C846A2A28449EA; compatibilityVersion = "Xcode 14.0"; developmentRegion = en; hasScannedForEncodings = 0; knownRegions = ( en, Base, "zh-Hans", ); mainGroup = ABC7FA14DCA1422893A5ECBD; productRefGroup = ABC7FA14DCA1422893A5ECBD; projectDirPath = ""; projectRoot = ""; targets = ( 346C072C2A3D4B7784DBFDEA /* ApexKitBLE */, 93223B4F73F14DEDA67C381F /* ApexKitBLEPlugin */, ); };
		/* End PBXProject section */
		/* Begin XCConfigurationList section */
				110429D281B9462C8E083B8B = {isa = XCConfigurationList; buildConfigurations = ( {isa = XCBuildConfiguration; name = Debug; }, {isa = XCBuildConfiguration; name = Release; } ); defaultConfigurationIsVisible = 0; defaultConfigurationName = Release; };
				2A1D9BA4819F453DA57F0F3D = {isa = XCConfigurationList; buildConfigurations = ( {isa = XCBuildConfiguration; name = Debug; }, {isa = XCBuildConfiguration; name = Release; } ); defaultConfigurationIsVisible = 0; defaultConfigurationName = Release; };
				2DF11F3AF3C846A2A28449EA = {isa = XCConfigurationList; buildConfigurations = ( {isa = XCBuildConfiguration; name = Debug; buildSettings = { ALWAYS_SEARCH_USER_PATHS = NO; SWIFT_VERSION = 5.0; CODE_SIGN_IDENTITY = "-"; CODE_SIGNING_REQUIRED = NO; CODE_SIGNING_ALLOWED = NO; ENABLE_BITCODE = NO; MARKETING_VERSION = 1.0.0; CURRENT_PROJECT_VERSION = 1; }; }, {isa = XCBuildConfiguration; name = Release; buildSettings = { ALWAYS_SEARCH_USER_PATHS = NO; SWIFT_VERSION = 5.0; CODE_SIGN_IDENTITY = "-"; CODE_SIGNING_REQUIRED = NO; CODE_SIGNING_ALLOWED = NO; ENABLE_BITCODE = NO; MARKETING_VERSION = 1.0.0; CURRENT_PROJECT_VERSION = 1; }; } ); defaultConfigurationIsVisible = 0; defaultConfigurationName = Release; };
		/* End XCConfigurationList section */
	};
	rootObject = 67F39ED6F9604062802138A0;
}
