// !$*UTF8*$!
{
	archiveVersion = 1;
	classes = {
	};
	objectVersion = 56;
	objects = {
/* Begin PBXBuildFile section */
				DA19112D0D174A38B692D045 /* EmbectaKitBLE in Frameworks */ = {isa = PBXBuildFile; fileRef = 8881D1F69B8F466682E372B2; };
				7F5F36893B784AE78C0F9732 /* EmbectaKitBLEPlugin in Frameworks */ = {isa = PBXBuildFile; fileRef = D633743245984558873D33AA; };
		/* End PBXBuildFile section */
		/* Begin PBXFileReference section */
				8881D1F69B8F466682E372B2 /* EmbectaKitBLE.framework */ = {isa = PBXFileReference; explicitFileType = wrapper.framework; includeInIndex = 0; path = EmbectaKitBLE.framework; sourceTree = BUILT_PRODUCTS_DIR; };
				D633743245984558873D33AA /* EmbectaKitBLEPlugin.framework */ = {isa = PBXFileReference; explicitFileType = wrapper.framework; includeInIndex = 0; path = EmbectaKitBLEPlugin.framework; sourceTree = BUILT_PRODUCTS_DIR; };
		/* End PBXFileReference section */
		/* Begin PBXFrameworksBuildPhase section */
				594047A69CA340ECB940B6FE = {isa = PBXFrameworksBuildPhase; buildActionMask = 2147483647; files = ( DA19112D0D174A38B692D045 /* EmbectaKitBLE in Frameworks */, ); runOnlyForDeploymentPostprocessing = 0; };
				A268EE376E8F48A3A690C6E1 = {isa = PBXFrameworksBuildPhase; buildActionMask = 2147483647; files = ( ); runOnlyForDeploymentPostprocessing = 0; };
				FED239D3BC444953881F99BC = {isa = PBXSourcesBuildPhase; buildActionMask = 2147483647; files = ( ); runOnlyForDeploymentPostprocessing = 0; };
				8EEF2DBC96BF4245A4562B2D = {isa = PBXResourcesBuildPhase; buildActionMask = 2147483647; files = ( ); runOnlyForDeploymentPostprocessing = 0; };
				AB6228BC698E4780B886691B = {isa = PBXSourcesBuildPhase; buildActionMask = 2147483647; files = ( ); runOnlyForDeploymentPostprocessing = 0; };
				62C7EB861E7142B68D97DCE6 = {isa = PBXResourcesBuildPhase; buildActionMask = 2147483647; files = ( ); runOnlyForDeploymentPostprocessing = 0; };
		/* End PBXFrameworksBuildPhase section */
		/* Begin PBXGroup section */
				7A9006CD38E644D49C53094E = {isa = PBXGroup; children = ( 8A6BF4B4B9A54BC6BDADE4EB /* EmbectaKitBLE */, 4E8AD8F6BEA547459D45A196 /* EmbectaKitBLEPlugin */, ); indentWidth = 4; sourceTree = "<group>"; tabWidth = 4; usesTabs = 0; };
				8A6BF4B4B9A54BC6BDADE4EB = {isa = PBXGroup; children = ( 8881D1F69B8F466682E372B2 /* EmbectaKitBLE.framework */, ); indentWidth = 4; sourceTree = "<group>"; tabWidth = 4; usesTabs = 0; };
				4E8AD8F6BEA547459D45A196 = {isa = PBXGroup; children = ( D633743245984558873D33AA /* EmbectaKitBLEPlugin.framework */, ); indentWidth = 4; sourceTree = "<group>"; tabWidth = 4; usesTabs = 0; };
		/* End PBXGroup section */
		/* Begin PBXNativeTarget section */
				2E68AF51FDC0428D929AA1D4 = {isa = PBXNativeTarget; buildConfigurationList = E1E7DE9EB03B4E99A7482BFA; buildPhases = ( FED239D3BC444953881F99BC /* Sources */, 8EEF2DBC96BF4245A4562B2D /* Resources */, 594047A69CA340ECB940B6FE /* Frameworks */, ); buildRules = ( ); dependencies = ( {isa = PBXTargetDependency; target = 01DDC14B689E42859A2FFF54; } ); name = EmbectaKitBLE; productName = EmbectaKitBLE; productReference = 8881D1F69B8F466682E372B2; productType = "com.apple.product-type.framework"; };
				01DDC14B689E42859A2FFF54 = {isa = PBXNativeTarget; buildConfigurationList = 617F393875104A30B47DC289; buildPhases = ( AB6228BC698E4780B886691B /* Sources */, 62C7EB861E7142B68D97DCE6 /* Resources */, A268EE376E8F48A3A690C6E1 /* Frameworks */, ); buildRules = ( ); dependencies = ( {isa = PBXTargetDependency; target = 2E68AF51FDC0428D929AA1D4; } ); name = EmbectaKitBLEPlugin; productName = EmbectaKitBLEPlugin; productReference = D633743245984558873D33AA; productType = "com.apple.product-type.framework"; };
		/* End PBXNativeTarget section */
		/* Begin PBXProject section */
				D4B2375298E64E86BC6C82BD = {isa = PBXProject; attributes = { BuildIndependentTargetsInParallel = 1; LastSwiftUpdateCheck = 1500; LastUpgradeCheck = 1500; }; buildConfigurationList = F839790329C44E2AA134785F; compatibilityVersion = "Xcode 14.0"; developmentRegion = en; hasScannedForEncodings = 0; knownRegions = ( en, Base, "zh-Hans", ); mainGroup = 7A9006CD38E644D49C53094E; productRefGroup = 7A9006CD38E644D49C53094E; projectDirPath = ""; projectRoot = ""; targets = ( 2E68AF51FDC0428D929AA1D4 /* EmbectaKitBLE */, 01DDC14B689E42859A2FFF54 /* EmbectaKitBLEPlugin */, ); };
		/* End PBXProject section */
		/* Begin XCConfigurationList section */
				E1E7DE9EB03B4E99A7482BFA = {isa = XCConfigurationList; buildConfigurations = ( {isa = XCBuildConfiguration; name = Debug; }, {isa = XCBuildConfiguration; name = Release; } ); defaultConfigurationIsVisible = 0; defaultConfigurationName = Release; };
				617F393875104A30B47DC289 = {isa = XCConfigurationList; buildConfigurations = ( {isa = XCBuildConfiguration; name = Debug; }, {isa = XCBuildConfiguration; name = Release; } ); defaultConfigurationIsVisible = 0; defaultConfigurationName = Release; };
				F839790329C44E2AA134785F = {isa = XCConfigurationList; buildConfigurations = ( {isa = XCBuildConfiguration; name = Debug; buildSettings = { ALWAYS_SEARCH_USER_PATHS = NO; SWIFT_VERSION = 5.0; CODE_SIGN_IDENTITY = "-"; CODE_SIGNING_REQUIRED = NO; CODE_SIGNING_ALLOWED = NO; ENABLE_BITCODE = NO; MARKETING_VERSION = 1.0.0; CURRENT_PROJECT_VERSION = 1; }; }, {isa = XCBuildConfiguration; name = Release; buildSettings = { ALWAYS_SEARCH_USER_PATHS = NO; SWIFT_VERSION = 5.0; CODE_SIGN_IDENTITY = "-"; CODE_SIGNING_REQUIRED = NO; CODE_SIGNING_ALLOWED = NO; ENABLE_BITCODE = NO; MARKETING_VERSION = 1.0.0; CURRENT_PROJECT_VERSION = 1; }; } ); defaultConfigurationIsVisible = 0; defaultConfigurationName = Release; };
		/* End XCConfigurationList section */
	};
	rootObject = D4B2375298E64E86BC6C82BD;
}
